
Microsoft Visual Studio Solution File, Format Version 12.00
# Visual Studio 2015
Project("{FAE04EC0-301F-11D3-BF4B-00C04F79EFBC}") = "bestgameever.CSharp", "bestgameever.CSharp.csproj", "{C6BB0D78-A564-8EBE-2154-E07E0A330B9E}"
EndProject
Global
	GlobalSection(SolutionConfigurationPlatforms) = preSolution
		Debug|Any CPU = Debug|Any CPU
		Release|Any CPU = Release|Any CPU
	EndGlobalSection
	GlobalSection(ProjectConfigurationPlatforms) = postSolution
		{C6BB0D78-A564-8EBE-2154-E07E0A330B9E}.Debug|Any CPU.ActiveCfg = Debug|Any CPU
		{C6BB0D78-A564-8EBE-2154-E07E0A330B9E}.Debug|Any CPU.Build.0 = Debug|Any CPU
		{C6BB0D78-A564-8EBE-2154-E07E0A330B9E}.Release|Any CPU.ActiveCfg = Release|Any CPU
		{C6BB0D78-A564-8EBE-2154-E07E0A330B9E}.Release|Any CPU.Build.0 = Release|Any CPU
	EndGlobalSection
	GlobalSection(SolutionProperties) = preSolution
		HideSolutionNode = FALSE
	EndGlobalSection
EndGlobal
